
Microsoft Visual Studio Solution File, Format Version 12.00
# Visual Studio 15
VisualStudioVersion = 15.0.27130.2027
MinimumVisualStudioVersion = 10.0.40219.1
Project("{9A19103F-16F7-4668-BE54-9A1E7A4F7556}") = "NightlyBuilds", "NightlyBuilds\NightlyBuilds.csproj", "{924EE756-4F4B-4C60-B081-2680D74B6D3F}"
EndProject
Project("{9A19103F-16F7-4668-BE54-9A1E7A4F7556}") = "ServiceBase", "ServiceBase\ServiceBase.csproj", "{ADB916AA-3C1D-4712-AADC-B22C389A8F7E}"
EndProject
Project("{9A19103F-16F7-4668-BE54-9A1E7A4F7556}") = "CloudWatchLogsService", "CloudWatchLogsService\CloudWatchLogsService.csproj", "{F6F7E117-1B98-4390-91B7-325A9178F32B}"
EndProject
Project("{9A19103F-16F7-4668-BE54-9A1E7A4F7556}") = "SimpleEmailService", "SimpleEmailService\SimpleEmailService.csproj", "{0554FAD6-90BF-4E61-83EF-4012FE72A172}"
EndProject
Project("{9A19103F-16F7-4668-BE54-9A1E7A4F7556}") = "SimpleSystemsManagementService", "SimpleSystemsManagementService\SimpleSystemsManagementService.csproj", "{8BCF3481-7D23-4F90-A52B-0C1B09C76A2A}"
EndProject
Project("{9A19103F-16F7-4668-BE54-9A1E7A4F7556}") = "BuildEmailNotification", "BuildEmailNotification\BuildEmailNotification.csproj", "{0D2988E6-C6B4-44AF-879F-F04011EC26EF}"
EndProject
Project("{9A19103F-16F7-4668-BE54-9A1E7A4F7556}") = "BuildSlackNotification", "BuildSlackNotification\BuildSlackNotification.csproj", "{BF546EC9-8EC6-4A8A-A39A-30575ACD1BFB}"
EndProject
Project("{9A19103F-16F7-4668-BE54-9A1E7A4F7556}") = "CodeBuildService", "CodeBuildService\CodeBuildService.csproj", "{CAD09B42-D6DA-4156-B0C6-61C88699312A}"
EndProject
Project("{FAE04EC0-301F-11D3-BF4B-00C04F79EFBC}") = "InputModel", "InputModel\InputModel.csproj", "{80EC0117-1080-4933-A15B-368604DDBAA9}"
EndProject
Project("{FAE04EC0-301F-11D3-BF4B-00C04F79EFBC}") = "SlackWebHookService", "SlackWebHookService\SlackWebHookService.csproj", "{6EB8D3C7-AA34-4A88-8CB6-39AD8BF6C332}"
EndProject
Global
	GlobalSection(SolutionConfigurationPlatforms) = preSolution
		Debug|Any CPU = Debug|Any CPU
		Release|Any CPU = Release|Any CPU
	EndGlobalSection
	GlobalSection(ProjectConfigurationPlatforms) = postSolution
		{924EE756-4F4B-4C60-B081-2680D74B6D3F}.Debug|Any CPU.ActiveCfg = Debug|Any CPU
		{924EE756-4F4B-4C60-B081-2680D74B6D3F}.Debug|Any CPU.Build.0 = Debug|Any CPU
		{924EE756-4F4B-4C60-B081-2680D74B6D3F}.Release|Any CPU.ActiveCfg = Release|Any CPU
		{924EE756-4F4B-4C60-B081-2680D74B6D3F}.Release|Any CPU.Build.0 = Release|Any CPU
		{ADB916AA-3C1D-4712-AADC-B22C389A8F7E}.Debug|Any CPU.ActiveCfg = Debug|Any CPU
		{ADB916AA-3C1D-4712-AADC-B22C389A8F7E}.Debug|Any CPU.Build.0 = Debug|Any CPU
		{ADB916AA-3C1D-4712-AADC-B22C389A8F7E}.Release|Any CPU.ActiveCfg = Release|Any CPU
		{ADB916AA-3C1D-4712-AADC-B22C389A8F7E}.Release|Any CPU.Build.0 = Release|Any CPU
		{F6F7E117-1B98-4390-91B7-325A9178F32B}.Debug|Any CPU.ActiveCfg = Debug|Any CPU
		{F6F7E117-1B98-4390-91B7-325A9178F32B}.Debug|Any CPU.Build.0 = Debug|Any CPU
		{F6F7E117-1B98-4390-91B7-325A9178F32B}.Release|Any CPU.ActiveCfg = Release|Any CPU
		{F6F7E117-1B98-4390-91B7-325A9178F32B}.Release|Any CPU.Build.0 = Release|Any CPU
		{0554FAD6-90BF-4E61-83EF-4012FE72A172}.Debug|Any CPU.ActiveCfg = Debug|Any CPU
		{0554FAD6-90BF-4E61-83EF-4012FE72A172}.Debug|Any CPU.Build.0 = Debug|Any CPU
		{0554FAD6-90BF-4E61-83EF-4012FE72A172}.Release|Any CPU.ActiveCfg = Release|Any CPU
		{0554FAD6-90BF-4E61-83EF-4012FE72A172}.Release|Any CPU.Build.0 = Release|Any CPU
		{8BCF3481-7D23-4F90-A52B-0C1B09C76A2A}.Debug|Any CPU.ActiveCfg = Debug|Any CPU
		{8BCF3481-7D23-4F90-A52B-0C1B09C76A2A}.Debug|Any CPU.Build.0 = Debug|Any CPU
		{8BCF3481-7D23-4F90-A52B-0C1B09C76A2A}.Release|Any CPU.ActiveCfg = Release|Any CPU
		{8BCF3481-7D23-4F90-A52B-0C1B09C76A2A}.Release|Any CPU.Build.0 = Release|Any CPU
		{0D2988E6-C6B4-44AF-879F-F04011EC26EF}.Debug|Any CPU.ActiveCfg = Debug|Any CPU
		{0D2988E6-C6B4-44AF-879F-F04011EC26EF}.Debug|Any CPU.Build.0 = Debug|Any CPU
		{0D2988E6-C6B4-44AF-879F-F04011EC26EF}.Release|Any CPU.ActiveCfg = Release|Any CPU
		{0D2988E6-C6B4-44AF-879F-F04011EC26EF}.Release|Any CPU.Build.0 = Release|Any CPU
		{BF546EC9-8EC6-4A8A-A39A-30575ACD1BFB}.Debug|Any CPU.ActiveCfg = Debug|Any CPU
		{BF546EC9-8EC6-4A8A-A39A-30575ACD1BFB}.Debug|Any CPU.Build.0 = Debug|Any CPU
		{BF546EC9-8EC6-4A8A-A39A-30575ACD1BFB}.Release|Any CPU.ActiveCfg = Release|Any CPU
		{BF546EC9-8EC6-4A8A-A39A-30575ACD1BFB}.Release|Any CPU.Build.0 = Release|Any CPU
		{CAD09B42-D6DA-4156-B0C6-61C88699312A}.Debug|Any CPU.ActiveCfg = Debug|Any CPU
		{CAD09B42-D6DA-4156-B0C6-61C88699312A}.Debug|Any CPU.Build.0 = Debug|Any CPU
		{CAD09B42-D6DA-4156-B0C6-61C88699312A}.Release|Any CPU.ActiveCfg = Release|Any CPU
		{CAD09B42-D6DA-4156-B0C6-61C88699312A}.Release|Any CPU.Build.0 = Release|Any CPU
		{80EC0117-1080-4933-A15B-368604DDBAA9}.Debug|Any CPU.ActiveCfg = Debug|Any CPU
		{80EC0117-1080-4933-A15B-368604DDBAA9}.Debug|Any CPU.Build.0 = Debug|Any CPU
		{80EC0117-1080-4933-A15B-368604DDBAA9}.Release|Any CPU.ActiveCfg = Release|Any CPU
		{80EC0117-1080-4933-A15B-368604DDBAA9}.Release|Any CPU.Build.0 = Release|Any CPU
		{6EB8D3C7-AA34-4A88-8CB6-39AD8BF6C332}.Debug|Any CPU.ActiveCfg = Debug|Any CPU
		{6EB8D3C7-AA34-4A88-8CB6-39AD8BF6C332}.Debug|Any CPU.Build.0 = Debug|Any CPU
		{6EB8D3C7-AA34-4A88-8CB6-39AD8BF6C332}.Release|Any CPU.ActiveCfg = Release|Any CPU
		{6EB8D3C7-AA34-4A88-8CB6-39AD8BF6C332}.Release|Any CPU.Build.0 = Release|Any CPU
	EndGlobalSection
	GlobalSection(SolutionProperties) = preSolution
		HideSolutionNode = FALSE
	EndGlobalSection
	GlobalSection(ExtensibilityGlobals) = postSolution
		SolutionGuid = {25D9BC3E-73A3-4E8F-9202-FCC470D94943}
	EndGlobalSection
EndGlobal
